// !$*UTF8*$!
{
	archiveVersion = 1;
	classes = {
	};
	objectVersion = 56;
	objects = {

/* Begin PBXBuildFile section */
		DA2C2DAF2A5726F5007F796A /* AppDelegate.swift in Sources */ = {isa = PBXBuildFile; fileRef = DA2C2DAE2A5726F5007F796A /* AppDelegate.swift */; };
		DA2C2DB12A5726F5007F796A /* SceneDelegate.swift in Sources */ = {isa = PBXBuildFile; fileRef = DA2C2DB02A5726F5007F796A /* SceneDelegate.swift */; };
		DA2C2DB32A5726F5007F796A /* ViewController.swift in Sources */ = {isa = PBXBuildFile; fileRef = DA2C2DB22A5726F5007F796A /* ViewController.swift */; };
		DA2C2DB62A5726F5007F796A /* Main.storyboard in Resources */ = {isa = PBXBuildFile; fileRef = DA2C2DB42A5726F5007F796A /* Main.storyboard */; };
		DA2C2DB82A5726F7007F796A /* Assets.xcassets in Resources */ = {isa = PBXBuildFile; fileRef = DA2C2DB72A5726F7007F796A /* Assets.xcassets */; };
		DA2C2DBB2A5726F7007F796A /* LaunchScreen.storyboard in Resources */ = {isa = PBXBuildFile; fileRef = DA2C2DB92A5726F7007F796A /* LaunchScreen.storyboard */; };
		DA9A1C762A5744DD005BD7E9 /* A.wav in Resources */ = {isa = PBXBuildFile; fileRef = DA9A1C6F2A5744DD005BD7E9 /* A.wav */; };
		DA9A1C772A5744DD005BD7E9 /* C.wav in Resources */ = {isa = PBXBuildFile; fileRef = DA9A1C702A5744DD005BD7E9 /* C.wav */; };
		DA9A1C782A5744DD005BD7E9 /* B.wav in Resources */ = {isa = PBXBuildFile; fileRef = DA9A1C712A5744DD005BD7E9 /* B.wav */; };
		DA9A1C792A5744DD005BD7E9 /* F.wav in Resources */ = {isa = PBXBuildFile; fileRef = DA9A1C722A5744DD005BD7E9 /* F.wav */; };
		DA9A1C7A2A5744DD005BD7E9 /* G.wav in Resources */ = {isa = PBXBuildFile; fileRef = DA9A1C732A5744DD005BD7E9 /* G.wav */; };
		DA9A1C7B2A5744DD005BD7E9 /* E.wav in Resources */ = {isa = PBXBuildFile; fileRef = DA9A1C742A5744DD005BD7E9 /* E.wav */; };
		DA9A1C7C2A5744DD005BD7E9 /* D.wav in Resources */ = {isa = PBXBuildFile; fileRef = DA9A1C752A5744DD005BD7E9 /* D.wav */; };
/* End PBXBuildFile section */

/* Begin PBXFileReference section */
		DA2C2DAB2A5726F5007F796A /* Xylophone.app */ = {isa = PBXFileReference; explicitFileType = wrapper.application; includeInIndex = 0; path = Xylophone.app; sourceTree = BUILT_PRODUCTS_DIR; };
		DA2C2DAE2A5726F5007F796A /* AppDelegate.swift */ = {isa = PBXFileReference; lastKnownFileType = sourcecode.swift; path = AppDelegate.swift; sourceTree = "<group>"; };
		DA2C2DB02A5726F5007F796A /* SceneDelegate.swift */ = {isa = PBXFileReference; lastKnownFileType = sourcecode.swift; path = SceneDelegate.swift; sourceTree = "<group>"; };
		DA2C2DB22A5726F5007F796A /* ViewController.swift */ = {isa = PBXFileReference; lastKnownFileType = sourcecode.swift; path = ViewController.swift; sourceTree = "<group>"; };
		DA2C2DB52A5726F5007F796A /* Base */ = {isa = PBXFileReference; lastKnownFileType = file.storyboard; name = Base; path = Base.lproj/Main.storyboard; sourceTree = "<group>"; };
		DA2C2DB72A5726F7007F796A /* Assets.xcassets */ = {isa = PBXFileReference; lastKnownFileType = folder.assetcatalog; path = Assets.xcassets; sourceTree = "<group>"; };
		DA2C2DBA2A5726F7007F796A /* Base */ = {isa = PBXFileReference; lastKnownFileType = file.storyboard; name = Base; path = Base.lproj/LaunchScreen.storyboard; sourceTree = "<group>"; };
		DA2C2DBC2A5726F7007F796A /* Info.plist */ = {isa = PBXFileReference; lastKnownFileType = text.plist.xml; path = Info.plist; sourceTree = "<group>"; };
		DA9A1C6F2A5744DD005BD7E9 /* A.wav */ = {isa = PBXFileReference; lastKnownFileType = audio.wav; path = A.wav; sourceTree = "<group>"; };
		DA9A1C702A5744DD005BD7E9 /* C.wav */ = {isa = PBXFileReference; lastKnownFileType = audio.wav; path = C.wav; sourceTree = "<group>"; };
		DA9A1C712A5744DD005BD7E9 /* B.wav */ = {isa = PBXFileReference; lastKnownFileType = audio.wav; path = B.wav; sourceTree = "<group>"; };
		DA9A1C722A5744DD005BD7E9 /* F.wav */ = {isa = PBXFileReference; lastKnownFileType = audio.wav; path = F.wav; sourceTree = "<group>"; };
		DA9A1C732A5744DD005BD7E9 /* G.wav */ = {isa = PBXFileReference; lastKnownFileType = audio.wav; path = G.wav; sourceTree = "<group>"; };
		DA9A1C742A5744DD005BD7E9 /* E.wav */ = {isa = PBXFileReference; lastKnownFileType = audio.wav; path = E.wav; sourceTree = "<group>"; };
		DA9A1C752A5744DD005BD7E9 /* D.wav */ = {isa = PBXFileReference; lastKnownFileType = audio.wav; path = D.wav; sourceTree = "<group>"; };
/* End PBXFileReference section */

/* Begin PBXFrameworksBuildPhase section */
		DA2C2DA82A5726F5007F796A /* Frameworks */ = {
			isa = PBXFrameworksBuildPhase;
			buildActionMask = 2147483647;
			files = (
			);
			runOnlyForDeploymentPostprocessing = 0;
		};
/* End PBXFrameworksBuildPhase section */

/* Begin PBXGroup section */
		DA2C2DA22A5726F5007F796A = {
			isa = PBXGroup;
			children = (
				DA2C2DAD2A5726F5007F796A /* Xylophone */,
				DA2C2DAC2A5726F5007F796A /* Products */,
			);
			sourceTree = "<group>";
		};
		DA2C2DAC2A5726F5007F796A /* Products */ = {
			isa = PBXGroup;
			children = (
				DA2C2DAB2A5726F5007F796A /* Xylophone.app */,
			);
			name = Products;
			sourceTree = "<group>";
		};
		DA2C2DAD2A5726F5007F796A /* Xylophone */ = {
			isa = PBXGroup;
			children = (
				DA2C2DAE2A5726F5007F796A /* AppDelegate.swift */,
				DA2C2DB02A5726F5007F796A /* SceneDelegate.swift */,
				DA2C2DB22A5726F5007F796A /* ViewController.swift */,
				DA2C2DB42A5726F5007F796A /* Main.storyboard */,
				DA9A1C6E2A5744DD005BD7E9 /* Sounds */,
				DA2C2DB72A5726F7007F796A /* Assets.xcassets */,
				DA2C2DB92A5726F7007F796A /* LaunchScreen.storyboard */,
				DA2C2DBC2A5726F7007F796A /* Info.plist */,
			);
			path = Xylophone;
			sourceTree = "<group>";
		};
		DA9A1C6E2A5744DD005BD7E9 /* Sounds */ = {
			isa = PBXGroup;
			children = (
				DA9A1C6F2A5744DD005BD7E9 /* A.wav */,
				DA9A1C702A5744DD005BD7E9 /* C.wav */,
				DA9A1C712A5744DD005BD7E9 /* B.wav */,
				DA9A1C722A5744DD005BD7E9 /* F.wav */,
				DA9A1C732A5744DD005BD7E9 /* G.wav */,
				DA9A1C742A5744DD005BD7E9 /* E.wav */,
				DA9A1C752A5744DD005BD7E9 /* D.wav */,
			);
			path = Sounds;
			sourceTree = "<group>";
		};
/* End PBXGroup section */

/* Begin PBXNativeTarget section */
		DA2C2DAA2A5726F5007F796A /* Xylophone */ = {
			isa = PBXNativeTarget;
			buildConfigurationList = DA2C2DBF2A5726F7007F796A /* Build configuration list for PBXNativeTarget "Xylophone" */;
			buildPhases = (
				DA2C2DA72A5726F5007F796A /* Sources */,
				DA2C2DA82A5726F5007F796A /* Frameworks */,
				DA2C2DA92A5726F5007F796A /* Resources */,
			);
			buildRules = (
			);
			dependencies = (
			);
			name = Xylophone;
			productName = Xylophone;
			productReference = DA2C2DAB2A5726F5007F796A /* Xylophone.app */;
			productType = "com.apple.product-type.application";
		};
/* End PBXNativeTarget section */

/* Begin PBXProject section */
		DA2C2DA32A5726F5007F796A /* Project object */ = {
			isa = PBXProject;
			attributes = {
				BuildIndependentTargetsInParallel = 1;
				LastSwiftUpdateCheck = 1400;
				LastUpgradeCheck = 1400;
				TargetAttributes = {
					DA2C2DAA2A5726F5007F796A = {
						CreatedOnToolsVersion = 14.0.1;
					};
				};
			};
			buildConfigurationList = DA2C2DA62A5726F5007F796A /* Build configuration list for PBXProject "Xylophone" */;
			compatibilityVersion = "Xcode 14.0";
			developmentRegion = en;
			hasScannedForEncodings = 0;
			knownRegions = (
				en,
				Base,
			);
			mainGroup = DA2C2DA22A5726F5007F796A;
			productRefGroup = DA2C2DAC2A5726F5007F796A /* Products */;
			projectDirPath = "";
			projectRoot = "";
			targets = (
				DA2C2DAA2A5726F5007F796A /* Xylophone */,
			);
		};
/* End PBXProject section */

/* Begin PBXResourcesBuildPhase section */
		DA2C2DA92A5726F5007F796A /* Resources */ = {
			isa = PBXResourcesBuildPhase;
			buildActionMask = 2147483647;
			files = (
				DA9A1C7A2A5744DD005BD7E9 /* G.wav in Resources */,
				DA2C2DBB2A5726F7007F796A /* LaunchScreen.storyboard in Resources */,
				DA9A1C792A5744DD005BD7E9 /* F.wav in Resources */,
				DA2C2DB82A5726F7007F796A /* Assets.xcassets in Resources */,
				DA9A1C762A5744DD005BD7E9 /* A.wav in Resources */,
				DA9A1C782A5744DD005BD7E9 /* B.wav in Resources */,
				DA9A1C7B2A5744DD005BD7E9 /* E.wav in Resources */,
				DA9A1C7C2A5744DD005BD7E9 /* D.wav in Resources */,
				DA2C2DB62A5726F5007F796A /* Main.storyboard in Resources */,
				DA9A1C772A5744DD005BD7E9 /* C.wav in Resources */,
			);
			runOnlyForDeploymentPostprocessing = 0;
		};
/* End PBXResourcesBuildPhase section */

/* Begin PBXSourcesBuildPhase section */
		DA2C2DA72A5726F5007F796A /* Sources */ = {
			isa = PBXSourcesBuildPhase;
			buildActionMask = 2147483647;
			files = (
				DA2C2DB32A5726F5007F796A /* ViewController.swift in Sources */,
				DA2C2DAF2A5726F5007F796A /* AppDelegate.swift in Sources */,
				DA2C2DB12A5726F5007F796A /* SceneDelegate.swift in Sources */,
			);
			runOnlyForDeploymentPostprocessing = 0;
		};
/* End PBXSourcesBuildPhase section */

/* Begin PBXVariantGroup section */
		DA2C2DB42A5726F5007F796A /* Main.storyboard */ = {
			isa = PBXVariantGroup;
			children = (
				DA2C2DB52A5726F5007F796A /* Base */,
			);
			name = Main.storyboard;
			sourceTree = "<group>";
		};
		DA2C2DB92A5726F7007F796A /* LaunchScreen.storyboard */ = {
			isa = PBXVariantGroup;
			children = (
				DA2C2DBA2A5726F7007F796A /* Base */,
			);
			name = LaunchScreen.storyboard;
			sourceTree = "<group>";
		};
/* End PBXVariantGroup section */

/* Begin XCBuildConfiguration section */
		DA2C2DBD2A5726F7007F796A /* Debug */ = {
			isa = XCBuildConfiguration;
			buildSettings = {
				ALWAYS_SEARCH_USER_PATHS = NO;
				CLANG_ANALYZER_NONNULL = YES;
				CLANG_ANALYZER_NUMBER_OBJECT_CONVERSION = YES_AGGRESSIVE;
				CLANG_CXX_LANGUAGE_STANDARD = "gnu++20";
				CLANG_ENABLE_MODULES = YES;
				CLANG_ENABLE_OBJC_ARC = YES;
				CLANG_ENABLE_OBJC_WEAK = YES;
				CLANG_WARN_BLOCK_CAPTURE_AUTORELEASING = YES;
				CLANG_WARN_BOOL_CONVERSION = YES;
				CLANG_WARN_COMMA = YES;
				CLANG_WARN_CONSTANT_CONVERSION = YES;
				CLANG_WARN_DEPRECATED_OBJC_IMPLEMENTATIONS = YES;
				CLANG_WARN_DIRECT_OBJC_ISA_USAGE = YES_ERROR;
				CLANG_WARN_DOCUMENTATION_COMMENTS = YES;
				CLANG_WARN_EMPTY_BODY = YES;
				CLANG_WARN_ENUM_CONVERSION = YES;
				CLANG_WARN_INFINITE_RECURSION = YES;
				CLANG_WARN_INT_CONVERSION = YES;
				CLANG_WARN_NON_LITERAL_NULL_CONVERSION = YES;
				CLANG_WARN_OBJC_IMPLICIT_RETAIN_SELF = YES;
				CLANG_WARN_OBJC_LITERAL_CONVERSION = YES;
				CLANG_WARN_OBJC_ROOT_CLASS = YES_ERROR;
				CLANG_WARN_QUOTED_INCLUDE_IN_FRAMEWORK_HEADER = YES;
				CLANG_WARN_RANGE_LOOP_ANALYSIS = YES;
				CLANG_WARN_STRICT_PROTOTYPES = YES;
				CLANG_WARN_SUSPICIOUS_MOVE = YES;
				CLANG_WARN_UNGUARDED_AVAILABILITY = YES_AGGRESSIVE;
				CLANG_WARN_UNREACHABLE_CODE = YES;
				CLANG_WARN__DUPLICATE_METHOD_MATCH = YES;
				COPY_PHASE_STRIP = NO;
				DEBUG_INFORMATION_FORMAT = dwarf;
				ENABLE_STRICT_OBJC_MSGSEND = YES;
				ENABLE_TESTABILITY = YES;
				GCC_C_LANGUAGE_STANDARD = gnu11;
				GCC_DYNAMIC_NO_PIC = NO;
				GCC_NO_COMMON_BLOCKS = YES;
				GCC_OPTIMIZATION_LEVEL = 0;
				GCC_PREPROCESSOR_DEFINITIONS = (
					"DEBUG=1",
					"$(inherited)",
				);
				GCC_WARN_64_TO_32_BIT_CONVERSION = YES;
				GCC_WARN_ABOUT_RETURN_TYPE = YES_ERROR;
				GCC_WARN_UNDECLARED_SELECTOR = YES;
				GCC_WARN_UNINITIALIZED_AUTOS = YES_AGGRESSIVE;
				GCC_WARN_UNUSED_FUNCTION = YES;
				GCC_WARN_UNUSED_VARIABLE = YES;
				IPHONEOS_DEPLOYMENT_TARGET = 16.0;
				MTL_ENABLE_DEBUG_INFO = INCLUDE_SOURCE;
				MTL_FAST_MATH = YES;
				ONLY_ACTIVE_ARCH = YES;
				SDKROOT = iphoneos;
				SWIFT_ACTIVE_COMPILATION_CONDITIONS = DEBUG;
				SWIFT_OPTIMIZATION_LEVEL = "-Onone";
			};
			name = Debug;
		};
		DA2C2DBE2A5726F7007F796A /* Release */ = {
			isa = XCBuildConfiguration;
			buildSettings = {
				ALWAYS_SEARCH_USER_PATHS = NO;
				CLANG_ANALYZER_NONNULL = YES;
				CLANG_ANALYZER_NUMBER_OBJECT_CONVERSION = YES_AGGRESSIVE;
				CLANG_CXX_LANGUAGE_STANDARD = "gnu++20";
				CLANG_ENABLE_MODULES = YES;
				CLANG_ENABLE_OBJC_ARC = YES;
				CLANG_ENABLE_OBJC_WEAK = YES;
				CLANG_WARN_BLOCK_CAPTURE_AUTORELEASING = YES;
				CLANG_WARN_BOOL_CONVERSION = YES;
				CLANG_WARN_COMMA = YES;
				CLANG_WARN_CONSTANT_CONVERSION = YES;
				CLANG_WARN_DEPRECATED_OBJC_IMPLEMENTATIONS = YES;
				CLANG_WARN_DIRECT_OBJC_ISA_USAGE = YES_ERROR;
				CLANG_WARN_DOCUMENTATION_COMMENTS = YES;
				CLANG_WARN_EMPTY_BODY = YES;
				CLANG_WARN_ENUM_CONVERSION = YES;
				CLANG_WARN_INFINITE_RECURSION = YES;
				CLANG_WARN_INT_CONVERSION = YES;
				CLANG_WARN_NON_LITERAL_NULL_CONVERSION = YES;
				CLANG_WARN_OBJC_IMPLICIT_RETAIN_SELF = YES;
				CLANG_WARN_OBJC_LITERAL_CONVERSION = YES;
				CLANG_WARN_OBJC_ROOT_CLASS = YES_ERROR;
				CLANG_WARN_QUOTED_INCLUDE_IN_FRAMEWORK_HEADER = YES;
				CLANG_WARN_RANGE_LOOP_ANALYSIS = YES;
				CLANG_WARN_STRICT_PROTOTYPES = YES;
				CLANG_WARN_SUSPICIOUS_MOVE = YES;
				CLANG_WARN_UNGUARDED_AVAILABILITY = YES_AGGRESSIVE;
				CLANG_WARN_UNREACHABLE_CODE = YES;
				CLANG_WARN__DUPLICATE_METHOD_MATCH = YES;
				COPY_PHASE_STRIP = NO;
				DEBUG_INFORMATION_FORMAT = "dwarf-with-dsym";
				ENABLE_NS_ASSERTIONS = NO;
				ENABLE_STRICT_OBJC_MSGSEND = YES;
				GCC_C_LANGUAGE_STANDARD = gnu11;
				GCC_NO_COMMON_BLOCKS = YES;
				GCC_WARN_64_TO_32_BIT_CONVERSION = YES;
				GCC_WARN_ABOUT_RETURN_TYPE = YES_ERROR;
				GCC_WARN_UNDECLARED_SELECTOR = YES;
				GCC_WARN_UNINITIALIZED_AUTOS = YES_AGGRESSIVE;
				GCC_WARN_UNUSED_FUNCTION = YES;
				GCC_WARN_UNUSED_VARIABLE = YES;
				IPHONEOS_DEPLOYMENT_TARGET = 16.0;
				MTL_ENABLE_DEBUG_INFO = NO;
				MTL_FAST_MATH = YES;
				SDKROOT = iphoneos;
				SWIFT_COMPILATION_MODE = wholemodule;
				SWIFT_OPTIMIZATION_LEVEL = "-O";
				VALIDATE_PRODUCT = YES;
			};
			name = Release;
		};
		DA2C2DC02A5726F7007F796A /* Debug */ = {
			isa = XCBuildConfiguration;
			buildSettings = {
				ASSETCATALOG_COMPILER_APPICON_NAME = AppIcon;
				ASSETCATALOG_COMPILER_GLOBAL_ACCENT_COLOR_NAME = AccentColor;
				CODE_SIGN_STYLE = Automatic;
				CURRENT_PROJECT_VERSION = 1;
				GENERATE_INFOPLIST_FILE = YES;
				INFOPLIST_FILE = Xylophone/Info.plist;
				INFOPLIST_KEY_LSApplicationCategoryType = "public.app-category.music";
				INFOPLIST_KEY_UIApplicationSupportsIndirectInputEvents = YES;
				INFOPLIST_KEY_UILaunchStoryboardName = LaunchScreen;
				INFOPLIST_KEY_UIMainStoryboardFile = Main;
				INFOPLIST_KEY_UISupportedInterfaceOrientations = "UIInterfaceOrientationLandscapeLeft UIInterfaceOrientationLandscapeRight UIInterfaceOrientationPortrait UIInterfaceOrientationPortraitUpsideDown";
				IPHONEOS_DEPLOYMENT_TARGET = 13.0;
				LD_RUNPATH_SEARCH_PATHS = (
					"$(inherited)",
					"@executable_path/Frameworks",
				);
				MARKETING_VERSION = 1.0;
				PRODUCT_BUNDLE_IDENTIFIER = com.paularolim.xylophone;
				PRODUCT_NAME = "$(TARGET_NAME)";
				SUPPORTED_PLATFORMS = "iphoneos iphonesimulator";
				SUPPORTS_MACCATALYST = NO;
				SUPPORTS_MAC_DESIGNED_FOR_IPHONE_IPAD = NO;
				SWIFT_EMIT_LOC_STRINGS = YES;
				SWIFT_VERSION = 5.0;
				TARGETED_DEVICE_FAMILY = "1,2";
			};
			name = Debug;
		};
		DA2C2DC12A5726F7007F796A /* Release */ = {
			isa = XCBuildConfiguration;
			buildSettings = {
				ASSETCATALOG_COMPILER_APPICON_NAME = AppIcon;
				ASSETCATALOG_COMPILER_GLOBAL_ACCENT_COLOR_NAME = AccentColor;
				CODE_SIGN_STYLE = Automatic;
				CURRENT_PROJECT_VERSION = 1;
				GENERATE_INFOPLIST_FILE = YES;
				INFOPLIST_FILE = Xylophone/Info.plist;
				INFOPLIST_KEY_LSApplicationCategoryType = "public.app-category.music";
				INFOPLIST_KEY_UIApplicationSupportsIndirectInputEvents = YES;
				INFOPLIST_KEY_UILaunchStoryboardName = LaunchScreen;
				INFOPLIST_KEY_UIMainStoryboardFile = Main;
				INFOPLIST_KEY_UISupportedInterfaceOrientations = "UIInterfaceOrientationLandscapeLeft UIInterfaceOrientationLandscapeRight UIInterfaceOrientationPortrait UIInterfaceOrientationPortraitUpsideDown";
				IPHONEOS_DEPLOYMENT_TARGET = 13.0;
				LD_RUNPATH_SEARCH_PATHS = (
					"$(inherited)",
					"@executable_path/Frameworks",
				);
				MARKETING_VERSION = 1.0;
				PRODUCT_BUNDLE_IDENTIFIER = com.paularolim.xylophone;
				PRODUCT_NAME = "$(TARGET_NAME)";
				SUPPORTED_PLATFORMS = "iphoneos iphonesimulator";
				SUPPORTS_MACCATALYST = NO;
				SUPPORTS_MAC_DESIGNED_FOR_IPHONE_IPAD = NO;
				SWIFT_EMIT_LOC_STRINGS = YES;
				SWIFT_VERSION = 5.0;
				TARGETED_DEVICE_FAMILY = "1,2";
			};
			name = Release;
		};
/* End XCBuildConfiguration section */

/* Begin XCConfigurationList section */
		DA2C2DA62A5726F5007F796A /* Build configuration list for PBXProject "Xylophone" */ = {
			isa = XCConfigurationList;
			buildConfigurations = (
				DA2C2DBD2A5726F7007F796A /* Debug */,
				DA2C2DBE2A5726F7007F796A /* Release */,
			);
			defaultConfigurationIsVisible = 0;
			defaultConfigurationName = Release;
		};
		DA2C2DBF2A5726F7007F796A /* Build configuration list for PBXNativeTarget "Xylophone" */ = {
			isa = XCConfigurationList;
			buildConfigurations = (
				DA2C2DC02A5726F7007F796A /* Debug */,
				DA2C2DC12A5726F7007F796A /* Release */,
			);
			defaultConfigurationIsVisible = 0;
			defaultConfigurationName = Release;
		};
/* End XCConfigurationList section */
	};
	rootObject = DA2C2DA32A5726F5007F796A /* Project object */;
}
